// !$*UTF8*$!
{
	archiveVersion = 1;
	classes = {
	};
	objectVersion = 46;
	objects = {

/* Begin PBXBuildFile section */
		3734DD441EA33A5900DC30C7 /* SearchTopViewModel.swift in Sources */ = {isa = PBXBuildFile; fileRef = 3734DD431EA33A5900DC30C7 /* SearchTopViewModel.swift */; };
		3734DD461EA33F6B00DC30C7 /* SearchTopDataSource.swift in Sources */ = {isa = PBXBuildFile; fileRef = 3734DD451EA33F6B00DC30C7 /* SearchTopDataSource.swift */; };
		3734DD491EA3451E00DC30C7 /* SearchTopViewCell.swift in Sources */ = {isa = PBXBuildFile; fileRef = 3734DD471EA3451E00DC30C7 /* SearchTopViewCell.swift */; };
		3734DD4A1EA3451E00DC30C7 /* SearchTopViewCell.xib in Resources */ = {isa = PBXBuildFile; fileRef = 3734DD481EA3451E00DC30C7 /* SearchTopViewCell.xib */; };
		3734DD4C1EA345D100DC30C7 /* Nibable.swift in Sources */ = {isa = PBXBuildFile; fileRef = 3734DD4B1EA345D100DC30C7 /* Nibable.swift */; };
		3734DD4E1EA3466000DC30C7 /* UITableView.Nibable.swift in Sources */ = {isa = PBXBuildFile; fileRef = 3734DD4D1EA3466000DC30C7 /* UITableView.Nibable.swift */; };
		3734DD501EA3540D00DC30C7 /* Date.ISO8601.swift in Sources */ = {isa = PBXBuildFile; fileRef = 3734DD4F1EA3540D00DC30C7 /* Date.ISO8601.swift */; };
		3734DD521EA3AF1700DC30C7 /* UIScrollView.Rx.swift in Sources */ = {isa = PBXBuildFile; fileRef = 3734DD511EA3AF1700DC30C7 /* UIScrollView.Rx.swift */; };
		3734DD551EA3B79700DC30C7 /* LoadingView.swift in Sources */ = {isa = PBXBuildFile; fileRef = 3734DD541EA3B79700DC30C7 /* LoadingView.swift */; };
		3734DD571EA3B7A500DC30C7 /* LoadingView.xib in Resources */ = {isa = PBXBuildFile; fileRef = 3734DD561EA3B7A500DC30C7 /* LoadingView.xib */; };
		3734DD5B1EA3CEEB00DC30C7 /* UIKeyboardInfo.swift in Sources */ = {isa = PBXBuildFile; fileRef = 3734DD5A1EA3CEEB00DC30C7 /* UIKeyboardInfo.swift */; };
		374250431EAC776A008F47F4 /* SearchTopViewModelCase.swift in Sources */ = {isa = PBXBuildFile; fileRef = 374250421EAC776A008F47F4 /* SearchTopViewModelCase.swift */; };
		3742504C1EAD0694008F47F4 /* ObservableType.filterNil.swift in Sources */ = {isa = PBXBuildFile; fileRef = 3742504B1EAD0694008F47F4 /* ObservableType.filterNil.swift */; };
		375DDDE91FC1F974001C210B /* QiitaSessionType.swift in Sources */ = {isa = PBXBuildFile; fileRef = 375DDDE81FC1F974001C210B /* QiitaSessionType.swift */; };
		375DDDFE1FC1FD97001C210B /* QiitaSession.framework in Frameworks */ = {isa = PBXBuildFile; fileRef = 375DDDFD1FC1FD97001C210B /* QiitaSession.framework */; };
		375DDDFF1FC1FD97001C210B /* QiitaSession.framework in Embed Frameworks */ = {isa = PBXBuildFile; fileRef = 375DDDFD1FC1FD97001C210B /* QiitaSession.framework */; settings = {ATTRIBUTES = (CodeSignOnCopy, RemoveHeadersOnCopy, ); }; };
		375DDE011FC1FDCD001C210B /* QiitaSession.framework in Frameworks */ = {isa = PBXBuildFile; fileRef = 375DDE021FC1FDCD001C210B /* QiitaSession.framework */; };
		375DDE061FC20069001C210B /* Dispatcher.swift in Sources */ = {isa = PBXBuildFile; fileRef = 375DDE051FC20069001C210B /* Dispatcher.swift */; };
		376071A81EA7B1D900C4DA10 /* LoginTopViewModelCase.swift in Sources */ = {isa = PBXBuildFile; fileRef = 376071A71EA7B1D900C4DA10 /* LoginTopViewModelCase.swift */; };
		376071AB1EA7B5C500C4DA10 /* LoginViewModelCase.swift in Sources */ = {isa = PBXBuildFile; fileRef = 376071AA1EA7B5C500C4DA10 /* LoginViewModelCase.swift */; };
		376208DB1FC209C600138585 /* Registrator.swift in Sources */ = {isa = PBXBuildFile; fileRef = 376208DA1FC209C600138585 /* Registrator.swift */; };
		37AF563F1EF054C1003C8B3D /* Item.extension.swift in Sources */ = {isa = PBXBuildFile; fileRef = 37AF563E1EF054C1003C8B3D /* Item.extension.swift */; };
		37C681A41E9D4BF900DABE71 /* WebKit.framework in Frameworks */ = {isa = PBXBuildFile; fileRef = 37C681A31E9D4BF900DABE71 /* WebKit.framework */; };
		37C6822E1EA1F15900DABE71 /* Assets.xcassets in Resources */ = {isa = PBXBuildFile; fileRef = 37C681FA1EA1F15800DABE71 /* Assets.xcassets */; };
		37C682301EA1F15900DABE71 /* Config.swift in Sources */ = {isa = PBXBuildFile; fileRef = 37C681FE1EA1F15800DABE71 /* Config.swift */; };
		37C682311EA1F15900DABE71 /* NSObjectProtocol.className.swift in Sources */ = {isa = PBXBuildFile; fileRef = 37C682011EA1F15800DABE71 /* NSObjectProtocol.className.swift */; };
		37C682321EA1F15900DABE71 /* Storyboardable.swift in Sources */ = {isa = PBXBuildFile; fileRef = 37C682021EA1F15800DABE71 /* Storyboardable.swift */; };
		37C682331EA1F15900DABE71 /* UIView.edges.swift in Sources */ = {isa = PBXBuildFile; fileRef = 37C682031EA1F15800DABE71 /* UIView.edges.swift */; };
		37C682351EA1F15900DABE71 /* RxProperty.swift in Sources */ = {isa = PBXBuildFile; fileRef = 37C682061EA1F15800DABE71 /* RxProperty.swift */; };
		37C682361EA1F15900DABE71 /* RouteAction.swift in Sources */ = {isa = PBXBuildFile; fileRef = 37C682091EA1F15800DABE71 /* RouteAction.swift */; };
		37C682371EA1F15900DABE71 /* RouteDispatcher.swift in Sources */ = {isa = PBXBuildFile; fileRef = 37C6820A1EA1F15800DABE71 /* RouteDispatcher.swift */; };
		37C682381EA1F15900DABE71 /* RouteStore.swift in Sources */ = {isa = PBXBuildFile; fileRef = 37C6820B1EA1F15800DABE71 /* RouteStore.swift */; };
		37C682441EA1F15900DABE71 /* LoginNavigationController.swift in Sources */ = {isa = PBXBuildFile; fileRef = 37C6821F1EA1F15900DABE71 /* LoginNavigationController.swift */; };
		37C682451EA1F15900DABE71 /* LoginTopViewController.storyboard in Resources */ = {isa = PBXBuildFile; fileRef = 37C682201EA1F15900DABE71 /* LoginTopViewController.storyboard */; };
		37C682461EA1F15900DABE71 /* LoginTopViewController.swift in Sources */ = {isa = PBXBuildFile; fileRef = 37C682211EA1F15900DABE71 /* LoginTopViewController.swift */; };
		37C682471EA1F15900DABE71 /* LoginViewController.storyboard in Resources */ = {isa = PBXBuildFile; fileRef = 37C682221EA1F15900DABE71 /* LoginViewController.storyboard */; };
		37C682481EA1F15900DABE71 /* LoginViewController.swift in Sources */ = {isa = PBXBuildFile; fileRef = 37C682231EA1F15900DABE71 /* LoginViewController.swift */; };
		37C6824A1EA1F15900DABE71 /* RootViewController.storyboard in Resources */ = {isa = PBXBuildFile; fileRef = 37C682271EA1F15900DABE71 /* RootViewController.storyboard */; };
		37C6824B1EA1F15900DABE71 /* RootViewController.swift in Sources */ = {isa = PBXBuildFile; fileRef = 37C682281EA1F15900DABE71 /* RootViewController.swift */; };
		37C6824C1EA1F15900DABE71 /* SearchTopViewController.storyboard in Resources */ = {isa = PBXBuildFile; fileRef = 37C6822C1EA1F15900DABE71 /* SearchTopViewController.storyboard */; };
		37C6824D1EA1F15900DABE71 /* SearchTopViewController.swift in Sources */ = {isa = PBXBuildFile; fileRef = 37C6822D1EA1F15900DABE71 /* SearchTopViewController.swift */; };
		37C6824F1EA1F19200DABE71 /* LaunchScreen.storyboard in Resources */ = {isa = PBXBuildFile; fileRef = 37C6824E1EA1F19200DABE71 /* LaunchScreen.storyboard */; };
		37C682511EA1F1D100DABE71 /* Config.plist in Resources */ = {isa = PBXBuildFile; fileRef = 37C682501EA1F1D100DABE71 /* Config.plist */; };
		37C682541EA2508600DABE71 /* ApplicationDispatcher.swift in Sources */ = {isa = PBXBuildFile; fileRef = 37C682531EA2508600DABE71 /* ApplicationDispatcher.swift */; };
		37C682561EA2512F00DABE71 /* ApplicationStore.swift in Sources */ = {isa = PBXBuildFile; fileRef = 37C682551EA2512E00DABE71 /* ApplicationStore.swift */; };
		37C682581EA253F800DABE71 /* SearchNavigationController.swift in Sources */ = {isa = PBXBuildFile; fileRef = 37C682571EA253F800DABE71 /* SearchNavigationController.swift */; };
		37C6825A1EA2549600DABE71 /* ApplicationAction.swift in Sources */ = {isa = PBXBuildFile; fileRef = 37C682591EA2549600DABE71 /* ApplicationAction.swift */; };
		37C682621EA2686700DABE71 /* DefaultsKeys.swift in Sources */ = {isa = PBXBuildFile; fileRef = 37C682611EA2686700DABE71 /* DefaultsKeys.swift */; };
		37C682641EA28A2400DABE71 /* UIVIew.inspectable.swift in Sources */ = {isa = PBXBuildFile; fileRef = 37C682631EA28A2400DABE71 /* UIVIew.inspectable.swift */; };
		37FC07471EAC6B1200514FF6 /* SafariServices.framework in Frameworks */ = {isa = PBXBuildFile; fileRef = 37FC07461EAC6B1200514FF6 /* SafariServices.framework */; };
		37FC07501EAC6B2700514FF6 /* Action.framework in Frameworks */ = {isa = PBXBuildFile; fileRef = 37FC07481EAC6B2700514FF6 /* Action.framework */; };
		37FC07511EAC6B2700514FF6 /* APIKit.framework in Frameworks */ = {isa = PBXBuildFile; fileRef = 37FC07491EAC6B2700514FF6 /* APIKit.framework */; };
		37FC07541EAC6B2700514FF6 /* Result.framework in Frameworks */ = {isa = PBXBuildFile; fileRef = 37FC074C1EAC6B2700514FF6 /* Result.framework */; };
		37FC07551EAC6B2700514FF6 /* RxCocoa.framework in Frameworks */ = {isa = PBXBuildFile; fileRef = 37FC074D1EAC6B2700514FF6 /* RxCocoa.framework */; };
		37FC07561EAC6B2700514FF6 /* RxSwift.framework in Frameworks */ = {isa = PBXBuildFile; fileRef = 37FC074E1EAC6B2700514FF6 /* RxSwift.framework */; };
		37FC07571EAC6B2700514FF6 /* SwiftyUserDefaults.framework in Frameworks */ = {isa = PBXBuildFile; fileRef = 37FC074F1EAC6B2700514FF6 /* SwiftyUserDefaults.framework */; };
		37FC075A1EAC6E9900514FF6 /* Action.framework in Frameworks */ = {isa = PBXBuildFile; fileRef = 37FC07481EAC6B2700514FF6 /* Action.framework */; };
		37FC075B1EAC6E9900514FF6 /* APIKit.framework in Frameworks */ = {isa = PBXBuildFile; fileRef = 37FC07491EAC6B2700514FF6 /* APIKit.framework */; };
		37FC075D1EAC6E9900514FF6 /* Result.framework in Frameworks */ = {isa = PBXBuildFile; fileRef = 37FC074C1EAC6B2700514FF6 /* Result.framework */; };
		37FC075E1EAC6E9900514FF6 /* RxCocoa.framework in Frameworks */ = {isa = PBXBuildFile; fileRef = 37FC074D1EAC6B2700514FF6 /* RxCocoa.framework */; };
		37FC075F1EAC6E9900514FF6 /* RxSwift.framework in Frameworks */ = {isa = PBXBuildFile; fileRef = 37FC074E1EAC6B2700514FF6 /* RxSwift.framework */; };
		37FC07601EAC6E9900514FF6 /* SwiftyUserDefaults.framework in Frameworks */ = {isa = PBXBuildFile; fileRef = 37FC074F1EAC6B2700514FF6 /* SwiftyUserDefaults.framework */; };
		9D39E8CA1EA72994009785E0 /* RouteStoreCase.swift in Sources */ = {isa = PBXBuildFile; fileRef = 9D39E8C91EA72994009785E0 /* RouteStoreCase.swift */; };
		9D39E8CC1EA72D71009785E0 /* RouteActionCase.swift in Sources */ = {isa = PBXBuildFile; fileRef = 9D39E8CB1EA72D71009785E0 /* RouteActionCase.swift */; };
		9D39E8CF1EA73067009785E0 /* ApplicationActionCase.swift in Sources */ = {isa = PBXBuildFile; fileRef = 9D39E8CE1EA73067009785E0 /* ApplicationActionCase.swift */; };
		9D39E8FE1EA74985009785E0 /* ApplicationStoreCase.swift in Sources */ = {isa = PBXBuildFile; fileRef = 9D39E8FD1EA74985009785E0 /* ApplicationStoreCase.swift */; };
		9D39E9011EA77074009785E0 /* RootViewModelCase.swift in Sources */ = {isa = PBXBuildFile; fileRef = 9D39E9001EA77074009785E0 /* RootViewModelCase.swift */; };
		9D7FB6A01EA4B4CB0044F8C4 /* OauthAuthorizeRequest.swift in Sources */ = {isa = PBXBuildFile; fileRef = 9D7FB69F1EA4B4CB0044F8C4 /* OauthAuthorizeRequest.swift */; };
		9D7FB6A21EA4B4DE0044F8C4 /* AppDelegate.swift in Sources */ = {isa = PBXBuildFile; fileRef = 9D7FB6A11EA4B4DE0044F8C4 /* AppDelegate.swift */; };
		9D9DAB511F15F9CF0037E034 /* Nuke.framework in Frameworks */ = {isa = PBXBuildFile; fileRef = 9D9DAB501F15F9CF0037E034 /* Nuke.framework */; };
		9DF6C40D1EA4858E00E5CC27 /* RootViewModel.swift in Sources */ = {isa = PBXBuildFile; fileRef = 9DF6C40C1EA4858E00E5CC27 /* RootViewModel.swift */; };
		9DF6C40F1EA48BD700E5CC27 /* LoginTopViewModel.swift in Sources */ = {isa = PBXBuildFile; fileRef = 9DF6C40E1EA48BD700E5CC27 /* LoginTopViewModel.swift */; };
		9DF6C4111EA4965C00E5CC27 /* LoginViewModel.swift in Sources */ = {isa = PBXBuildFile; fileRef = 9DF6C4101EA4965C00E5CC27 /* LoginViewModel.swift */; };
		9DF6C4131EA4994900E5CC27 /* LoginViewDataSource.swift in Sources */ = {isa = PBXBuildFile; fileRef = 9DF6C4121EA4994900E5CC27 /* LoginViewDataSource.swift */; };
		ED6F5DBE1FBFEAC300DC3E4D /* QiitaSession.shared.swift in Sources */ = {isa = PBXBuildFile; fileRef = ED6F5DBD1FBFEAC300DC3E4D /* QiitaSession.shared.swift */; };
/* End PBXBuildFile section */

/* Begin PBXContainerItemProxy section */
		9DDC50E41EA708B30020BC31 /* PBXContainerItemProxy */ = {
			isa = PBXContainerItemProxy;
			containerPortal = 37FBF7FA1E91404300AE52C3 /* Project object */;
			proxyType = 1;
			remoteGlobalIDString = 37FBF8011E91404300AE52C3;
			remoteInfo = QiitaWithFluxSample;
		};
/* End PBXContainerItemProxy section */

/* Begin PBXCopyFilesBuildPhase section */
		375DDE001FC1FD97001C210B /* Embed Frameworks */ = {
			isa = PBXCopyFilesBuildPhase;
			buildActionMask = 2147483647;
			dstPath = "";
			dstSubfolderSpec = 10;
			files = (
				375DDDFF1FC1FD97001C210B /* QiitaSession.framework in Embed Frameworks */,
			);
			name = "Embed Frameworks";
			runOnlyForDeploymentPostprocessing = 0;
		};
		37FC07581EAC6BDC00514FF6 /* CopyFiles */ = {
			isa = PBXCopyFilesBuildPhase;
			buildActionMask = 2147483647;
			dstPath = "";
			dstSubfolderSpec = 7;
			files = (
			);
			runOnlyForDeploymentPostprocessing = 0;
		};
/* End PBXCopyFilesBuildPhase section */

/* Begin PBXFileReference section */
		3734DD431EA33A5900DC30C7 /* SearchTopViewModel.swift */ = {isa = PBXFileReference; fileEncoding = 4; lastKnownFileType = sourcecode.swift; path = SearchTopViewModel.swift; sourceTree = "<group>"; };
		3734DD451EA33F6B00DC30C7 /* SearchTopDataSource.swift */ = {isa = PBXFileReference; fileEncoding = 4; lastKnownFileType = sourcecode.swift; path = SearchTopDataSource.swift; sourceTree = "<group>"; };
		3734DD471EA3451E00DC30C7 /* SearchTopViewCell.swift */ = {isa = PBXFileReference; fileEncoding = 4; lastKnownFileType = sourcecode.swift; path = SearchTopViewCell.swift; sourceTree = "<group>"; };
		3734DD481EA3451E00DC30C7 /* SearchTopViewCell.xib */ = {isa = PBXFileReference; fileEncoding = 4; lastKnownFileType = file.xib; path = SearchTopViewCell.xib; sourceTree = "<group>"; };
		3734DD4B1EA345D100DC30C7 /* Nibable.swift */ = {isa = PBXFileReference; fileEncoding = 4; lastKnownFileType = sourcecode.swift; path = Nibable.swift; sourceTree = "<group>"; };
		3734DD4D1EA3466000DC30C7 /* UITableView.Nibable.swift */ = {isa = PBXFileReference; fileEncoding = 4; lastKnownFileType = sourcecode.swift; path = UITableView.Nibable.swift; sourceTree = "<group>"; };
		3734DD4F1EA3540D00DC30C7 /* Date.ISO8601.swift */ = {isa = PBXFileReference; fileEncoding = 4; lastKnownFileType = sourcecode.swift; path = Date.ISO8601.swift; sourceTree = "<group>"; };
		3734DD511EA3AF1700DC30C7 /* UIScrollView.Rx.swift */ = {isa = PBXFileReference; fileEncoding = 4; lastKnownFileType = sourcecode.swift; path = UIScrollView.Rx.swift; sourceTree = "<group>"; };
		3734DD541EA3B79700DC30C7 /* LoadingView.swift */ = {isa = PBXFileReference; fileEncoding = 4; lastKnownFileType = sourcecode.swift; path = LoadingView.swift; sourceTree = "<group>"; };
		3734DD561EA3B7A500DC30C7 /* LoadingView.xib */ = {isa = PBXFileReference; fileEncoding = 4; lastKnownFileType = file.xib; path = LoadingView.xib; sourceTree = "<group>"; };
		3734DD5A1EA3CEEB00DC30C7 /* UIKeyboardInfo.swift */ = {isa = PBXFileReference; fileEncoding = 4; lastKnownFileType = sourcecode.swift; path = UIKeyboardInfo.swift; sourceTree = "<group>"; };
		374250421EAC776A008F47F4 /* SearchTopViewModelCase.swift */ = {isa = PBXFileReference; fileEncoding = 4; lastKnownFileType = sourcecode.swift; path = SearchTopViewModelCase.swift; sourceTree = "<group>"; };
		3742504B1EAD0694008F47F4 /* ObservableType.filterNil.swift */ = {isa = PBXFileReference; fileEncoding = 4; lastKnownFileType = sourcecode.swift; path = ObservableType.filterNil.swift; sourceTree = "<group>"; };
		375DDDE81FC1F974001C210B /* QiitaSessionType.swift */ = {isa = PBXFileReference; lastKnownFileType = sourcecode.swift; path = QiitaSessionType.swift; sourceTree = "<group>"; };
		375DDDFD1FC1FD97001C210B /* QiitaSession.framework */ = {isa = PBXFileReference; explicitFileType = wrapper.framework; path = QiitaSession.framework; sourceTree = BUILT_PRODUCTS_DIR; };
		375DDE021FC1FDCD001C210B /* QiitaSession.framework */ = {isa = PBXFileReference; explicitFileType = wrapper.framework; path = QiitaSession.framework; sourceTree = BUILT_PRODUCTS_DIR; };
		375DDE051FC20069001C210B /* Dispatcher.swift */ = {isa = PBXFileReference; lastKnownFileType = sourcecode.swift; path = Dispatcher.swift; sourceTree = "<group>"; };
		376071A71EA7B1D900C4DA10 /* LoginTopViewModelCase.swift */ = {isa = PBXFileReference; fileEncoding = 4; lastKnownFileType = sourcecode.swift; path = LoginTopViewModelCase.swift; sourceTree = "<group>"; };
		376071AA1EA7B5C500C4DA10 /* LoginViewModelCase.swift */ = {isa = PBXFileReference; fileEncoding = 4; lastKnownFileType = sourcecode.swift; path = LoginViewModelCase.swift; sourceTree = "<group>"; };
		376208DA1FC209C600138585 /* Registrator.swift */ = {isa = PBXFileReference; lastKnownFileType = sourcecode.swift; path = Registrator.swift; sourceTree = "<group>"; };
		37AF563E1EF054C1003C8B3D /* Item.extension.swift */ = {isa = PBXFileReference; fileEncoding = 4; lastKnownFileType = sourcecode.swift; path = Item.extension.swift; sourceTree = "<group>"; };
		37C681A31E9D4BF900DABE71 /* WebKit.framework */ = {isa = PBXFileReference; lastKnownFileType = wrapper.framework; name = WebKit.framework; path = System/Library/Frameworks/WebKit.framework; sourceTree = SDKROOT; };
		37C681FA1EA1F15800DABE71 /* Assets.xcassets */ = {isa = PBXFileReference; lastKnownFileType = folder.assetcatalog; path = Assets.xcassets; sourceTree = "<group>"; };
		37C681FB1EA1F15800DABE71 /* Info.plist */ = {isa = PBXFileReference; fileEncoding = 4; lastKnownFileType = text.plist.xml; path = Info.plist; sourceTree = "<group>"; };
		37C681FE1EA1F15800DABE71 /* Config.swift */ = {isa = PBXFileReference; fileEncoding = 4; lastKnownFileType = sourcecode.swift; path = Config.swift; sourceTree = "<group>"; };
		37C682011EA1F15800DABE71 /* NSObjectProtocol.className.swift */ = {isa = PBXFileReference; fileEncoding = 4; lastKnownFileType = sourcecode.swift; path = NSObjectProtocol.className.swift; sourceTree = "<group>"; };
		37C682021EA1F15800DABE71 /* Storyboardable.swift */ = {isa = PBXFileReference; fileEncoding = 4; lastKnownFileType = sourcecode.swift; path = Storyboardable.swift; sourceTree = "<group>"; };
		37C682031EA1F15800DABE71 /* UIView.edges.swift */ = {isa = PBXFileReference; fileEncoding = 4; lastKnownFileType = sourcecode.swift; path = UIView.edges.swift; sourceTree = "<group>"; };
		37C682061EA1F15800DABE71 /* RxProperty.swift */ = {isa = PBXFileReference; fileEncoding = 4; lastKnownFileType = sourcecode.swift; path = RxProperty.swift; sourceTree = "<group>"; };
		37C682091EA1F15800DABE71 /* RouteAction.swift */ = {isa = PBXFileReference; fileEncoding = 4; lastKnownFileType = sourcecode.swift; path = RouteAction.swift; sourceTree = "<group>"; };
		37C6820A1EA1F15800DABE71 /* RouteDispatcher.swift */ = {isa = PBXFileReference; fileEncoding = 4; lastKnownFileType = sourcecode.swift; path = RouteDispatcher.swift; sourceTree = "<group>"; };
		37C6820B1EA1F15800DABE71 /* RouteStore.swift */ = {isa = PBXFileReference; fileEncoding = 4; lastKnownFileType = sourcecode.swift; path = RouteStore.swift; sourceTree = "<group>"; };
		37C6821F1EA1F15900DABE71 /* LoginNavigationController.swift */ = {isa = PBXFileReference; fileEncoding = 4; lastKnownFileType = sourcecode.swift; path = LoginNavigationController.swift; sourceTree = "<group>"; };
		37C682201EA1F15900DABE71 /* LoginTopViewController.storyboard */ = {isa = PBXFileReference; fileEncoding = 4; lastKnownFileType = file.storyboard; path = LoginTopViewController.storyboard; sourceTree = "<group>"; };
		37C682211EA1F15900DABE71 /* LoginTopViewController.swift */ = {isa = PBXFileReference; fileEncoding = 4; lastKnownFileType = sourcecode.swift; path = LoginTopViewController.swift; sourceTree = "<group>"; };
		37C682221EA1F15900DABE71 /* LoginViewController.storyboard */ = {isa = PBXFileReference; fileEncoding = 4; lastKnownFileType = file.storyboard; path = LoginViewController.storyboard; sourceTree = "<group>"; };
		37C682231EA1F15900DABE71 /* LoginViewController.swift */ = {isa = PBXFileReference; fileEncoding = 4; lastKnownFileType = sourcecode.swift; path = LoginViewController.swift; sourceTree = "<group>"; };
		37C682271EA1F15900DABE71 /* RootViewController.storyboard */ = {isa = PBXFileReference; fileEncoding = 4; lastKnownFileType = file.storyboard; path = RootViewController.storyboard; sourceTree = "<group>"; };
		37C682281EA1F15900DABE71 /* RootViewController.swift */ = {isa = PBXFileReference; fileEncoding = 4; lastKnownFileType = sourcecode.swift; path = RootViewController.swift; sourceTree = "<group>"; };
		37C6822C1EA1F15900DABE71 /* SearchTopViewController.storyboard */ = {isa = PBXFileReference; fileEncoding = 4; lastKnownFileType = file.storyboard; path = SearchTopViewController.storyboard; sourceTree = "<group>"; };
		37C6822D1EA1F15900DABE71 /* SearchTopViewController.swift */ = {isa = PBXFileReference; fileEncoding = 4; lastKnownFileType = sourcecode.swift; path = SearchTopViewController.swift; sourceTree = "<group>"; };
		37C6824E1EA1F19200DABE71 /* LaunchScreen.storyboard */ = {isa = PBXFileReference; fileEncoding = 4; lastKnownFileType = file.storyboard; path = LaunchScreen.storyboard; sourceTree = "<group>"; };
		37C682501EA1F1D100DABE71 /* Config.plist */ = {isa = PBXFileReference; fileEncoding = 4; lastKnownFileType = text.plist.xml; path = Config.plist; sourceTree = "<group>"; };
		37C682531EA2508600DABE71 /* ApplicationDispatcher.swift */ = {isa = PBXFileReference; fileEncoding = 4; lastKnownFileType = sourcecode.swift; path = ApplicationDispatcher.swift; sourceTree = "<group>"; };
		37C682551EA2512E00DABE71 /* ApplicationStore.swift */ = {isa = PBXFileReference; fileEncoding = 4; lastKnownFileType = sourcecode.swift; path = ApplicationStore.swift; sourceTree = "<group>"; };
		37C682571EA253F800DABE71 /* SearchNavigationController.swift */ = {isa = PBXFileReference; fileEncoding = 4; lastKnownFileType = sourcecode.swift; path = SearchNavigationController.swift; sourceTree = "<group>"; };
		37C682591EA2549600DABE71 /* ApplicationAction.swift */ = {isa = PBXFileReference; fileEncoding = 4; lastKnownFileType = sourcecode.swift; path = ApplicationAction.swift; sourceTree = "<group>"; };
		37C682611EA2686700DABE71 /* DefaultsKeys.swift */ = {isa = PBXFileReference; fileEncoding = 4; lastKnownFileType = sourcecode.swift; path = DefaultsKeys.swift; sourceTree = "<group>"; };
		37C682631EA28A2400DABE71 /* UIVIew.inspectable.swift */ = {isa = PBXFileReference; fileEncoding = 4; lastKnownFileType = sourcecode.swift; path = UIVIew.inspectable.swift; sourceTree = "<group>"; };
		37FBF8021E91404300AE52C3 /* QiitaWithFluxSample.app */ = {isa = PBXFileReference; explicitFileType = wrapper.application; includeInIndex = 0; path = QiitaWithFluxSample.app; sourceTree = BUILT_PRODUCTS_DIR; };
		37FC07461EAC6B1200514FF6 /* SafariServices.framework */ = {isa = PBXFileReference; lastKnownFileType = wrapper.framework; name = SafariServices.framework; path = System/Library/Frameworks/SafariServices.framework; sourceTree = SDKROOT; };
		37FC07481EAC6B2700514FF6 /* Action.framework */ = {isa = PBXFileReference; lastKnownFileType = wrapper.framework; name = Action.framework; path = Carthage/Build/iOS/Action.framework; sourceTree = "<group>"; };
		37FC07491EAC6B2700514FF6 /* APIKit.framework */ = {isa = PBXFileReference; lastKnownFileType = wrapper.framework; name = APIKit.framework; path = Carthage/Build/iOS/APIKit.framework; sourceTree = "<group>"; };
		37FC074C1EAC6B2700514FF6 /* Result.framework */ = {isa = PBXFileReference; lastKnownFileType = wrapper.framework; name = Result.framework; path = Carthage/Build/iOS/Result.framework; sourceTree = "<group>"; };
		37FC074D1EAC6B2700514FF6 /* RxCocoa.framework */ = {isa = PBXFileReference; lastKnownFileType = wrapper.framework; name = RxCocoa.framework; path = Carthage/Build/iOS/RxCocoa.framework; sourceTree = "<group>"; };
		37FC074E1EAC6B2700514FF6 /* RxSwift.framework */ = {isa = PBXFileReference; lastKnownFileType = wrapper.framework; name = RxSwift.framework; path = Carthage/Build/iOS/RxSwift.framework; sourceTree = "<group>"; };
		37FC074F1EAC6B2700514FF6 /* SwiftyUserDefaults.framework */ = {isa = PBXFileReference; lastKnownFileType = wrapper.framework; name = SwiftyUserDefaults.framework; path = Carthage/Build/iOS/SwiftyUserDefaults.framework; sourceTree = "<group>"; };
		9D39E8C91EA72994009785E0 /* RouteStoreCase.swift */ = {isa = PBXFileReference; fileEncoding = 4; lastKnownFileType = sourcecode.swift; path = RouteStoreCase.swift; sourceTree = "<group>"; };
		9D39E8CB1EA72D71009785E0 /* RouteActionCase.swift */ = {isa = PBXFileReference; fileEncoding = 4; lastKnownFileType = sourcecode.swift; path = RouteActionCase.swift; sourceTree = "<group>"; };
		9D39E8CE1EA73067009785E0 /* ApplicationActionCase.swift */ = {isa = PBXFileReference; fileEncoding = 4; lastKnownFileType = sourcecode.swift; path = ApplicationActionCase.swift; sourceTree = "<group>"; };
		9D39E8FD1EA74985009785E0 /* ApplicationStoreCase.swift */ = {isa = PBXFileReference; fileEncoding = 4; lastKnownFileType = sourcecode.swift; path = ApplicationStoreCase.swift; sourceTree = "<group>"; };
		9D39E9001EA77074009785E0 /* RootViewModelCase.swift */ = {isa = PBXFileReference; fileEncoding = 4; lastKnownFileType = sourcecode.swift; path = RootViewModelCase.swift; sourceTree = "<group>"; };
		9D7FB69F1EA4B4CB0044F8C4 /* OauthAuthorizeRequest.swift */ = {isa = PBXFileReference; fileEncoding = 4; lastKnownFileType = sourcecode.swift; path = OauthAuthorizeRequest.swift; sourceTree = "<group>"; };
		9D7FB6A11EA4B4DE0044F8C4 /* AppDelegate.swift */ = {isa = PBXFileReference; fileEncoding = 4; lastKnownFileType = sourcecode.swift; path = AppDelegate.swift; sourceTree = "<group>"; };
		9D9DAB501F15F9CF0037E034 /* Nuke.framework */ = {isa = PBXFileReference; lastKnownFileType = wrapper.framework; name = Nuke.framework; path = Carthage/Build/iOS/Nuke.framework; sourceTree = "<group>"; };
		9DDC50DF1EA708B30020BC31 /* QiitaWithFluxSampleTests.xctest */ = {isa = PBXFileReference; explicitFileType = wrapper.cfbundle; includeInIndex = 0; path = QiitaWithFluxSampleTests.xctest; sourceTree = BUILT_PRODUCTS_DIR; };
		9DDC50E31EA708B30020BC31 /* Info.plist */ = {isa = PBXFileReference; lastKnownFileType = text.plist.xml; path = Info.plist; sourceTree = "<group>"; };
		9DF6C40C1EA4858E00E5CC27 /* RootViewModel.swift */ = {isa = PBXFileReference; fileEncoding = 4; lastKnownFileType = sourcecode.swift; path = RootViewModel.swift; sourceTree = "<group>"; };
		9DF6C40E1EA48BD700E5CC27 /* LoginTopViewModel.swift */ = {isa = PBXFileReference; fileEncoding = 4; lastKnownFileType = sourcecode.swift; path = LoginTopViewModel.swift; sourceTree = "<group>"; };
		9DF6C4101EA4965C00E5CC27 /* LoginViewModel.swift */ = {isa = PBXFileReference; fileEncoding = 4; lastKnownFileType = sourcecode.swift; path = LoginViewModel.swift; sourceTree = "<group>"; };
		9DF6C4121EA4994900E5CC27 /* LoginViewDataSource.swift */ = {isa = PBXFileReference; fileEncoding = 4; lastKnownFileType = sourcecode.swift; path = LoginViewDataSource.swift; sourceTree = "<group>"; };
		ED6F5DBD1FBFEAC300DC3E4D /* QiitaSession.shared.swift */ = {isa = PBXFileReference; lastKnownFileType = sourcecode.swift; path = QiitaSession.shared.swift; sourceTree = "<group>"; };
/* End PBXFileReference section */

/* Begin PBXFrameworksBuildPhase section */
		37FBF7FF1E91404300AE52C3 /* Frameworks */ = {
			isa = PBXFrameworksBuildPhase;
			buildActionMask = 2147483647;
			files = (
				9D9DAB511F15F9CF0037E034 /* Nuke.framework in Frameworks */,
				37FC07501EAC6B2700514FF6 /* Action.framework in Frameworks */,
				37FC07511EAC6B2700514FF6 /* APIKit.framework in Frameworks */,
				37FC07541EAC6B2700514FF6 /* Result.framework in Frameworks */,
				37FC07551EAC6B2700514FF6 /* RxCocoa.framework in Frameworks */,
				37FC07561EAC6B2700514FF6 /* RxSwift.framework in Frameworks */,
				37FC07571EAC6B2700514FF6 /* SwiftyUserDefaults.framework in Frameworks */,
				37FC07471EAC6B1200514FF6 /* SafariServices.framework in Frameworks */,
				375DDDFE1FC1FD97001C210B /* QiitaSession.framework in Frameworks */,
				37C681A41E9D4BF900DABE71 /* WebKit.framework in Frameworks */,
			);
			runOnlyForDeploymentPostprocessing = 0;
		};
		9DDC50DC1EA708B30020BC31 /* Frameworks */ = {
			isa = PBXFrameworksBuildPhase;
			buildActionMask = 2147483647;
			files = (
				375DDE011FC1FDCD001C210B /* QiitaSession.framework in Frameworks */,
				37FC075A1EAC6E9900514FF6 /* Action.framework in Frameworks */,
				37FC075B1EAC6E9900514FF6 /* APIKit.framework in Frameworks */,
				37FC075D1EAC6E9900514FF6 /* Result.framework in Frameworks */,
				37FC075E1EAC6E9900514FF6 /* RxCocoa.framework in Frameworks */,
				37FC075F1EAC6E9900514FF6 /* RxSwift.framework in Frameworks */,
				37FC07601EAC6E9900514FF6 /* SwiftyUserDefaults.framework in Frameworks */,
			);
			runOnlyForDeploymentPostprocessing = 0;
		};
/* End PBXFrameworksBuildPhase section */

/* Begin PBXGroup section */
		3354F5D5EE9EB6E842107602 /* Frameworks */ = {
			isa = PBXGroup;
			children = (
				375DDE021FC1FDCD001C210B /* QiitaSession.framework */,
				9D9DAB501F15F9CF0037E034 /* Nuke.framework */,
				37FC07481EAC6B2700514FF6 /* Action.framework */,
				37FC07491EAC6B2700514FF6 /* APIKit.framework */,
				37FC074C1EAC6B2700514FF6 /* Result.framework */,
				37FC074D1EAC6B2700514FF6 /* RxCocoa.framework */,
				37FC074E1EAC6B2700514FF6 /* RxSwift.framework */,
				37FC074F1EAC6B2700514FF6 /* SwiftyUserDefaults.framework */,
				37FC07461EAC6B1200514FF6 /* SafariServices.framework */,
				37C681A31E9D4BF900DABE71 /* WebKit.framework */,
			);
			name = Frameworks;
			sourceTree = "<group>";
		};
		3734DD421EA33A5900DC30C7 /* Model */ = {
			isa = PBXGroup;
			children = (
				3734DD431EA33A5900DC30C7 /* SearchTopViewModel.swift */,
				3734DD451EA33F6B00DC30C7 /* SearchTopDataSource.swift */,
			);
			path = Model;
			sourceTree = "<group>";
		};
		3734DD531EA3B6D700DC30C7 /* View */ = {
			isa = PBXGroup;
			children = (
				3734DD541EA3B79700DC30C7 /* LoadingView.swift */,
				3734DD561EA3B7A500DC30C7 /* LoadingView.xib */,
			);
			path = View;
			sourceTree = "<group>";
		};
		375DDDE71FC1F967001C210B /* Mock */ = {
			isa = PBXGroup;
			children = (
				375DDDE81FC1F974001C210B /* QiitaSessionType.swift */,
			);
			path = Mock;
			sourceTree = "<group>";
		};
		37AF563D1EF054AF003C8B3D /* QiitaSession */ = {
			isa = PBXGroup;
			children = (
				ED6F5DBD1FBFEAC300DC3E4D /* QiitaSession.shared.swift */,
				37AF563E1EF054C1003C8B3D /* Item.extension.swift */,
			);
			path = QiitaSession;
			sourceTree = "<group>";
		};
		37C681F91EA1F15800DABE71 /* Resource */ = {
			isa = PBXGroup;
			children = (
				37C6824E1EA1F19200DABE71 /* LaunchScreen.storyboard */,
				37C681FA1EA1F15800DABE71 /* Assets.xcassets */,
				37C681FB1EA1F15800DABE71 /* Info.plist */,
				37C682501EA1F1D100DABE71 /* Config.plist */,
			);
			path = Resource;
			sourceTree = "<group>";
		};
		37C681FC1EA1F15800DABE71 /* Source */ = {
			isa = PBXGroup;
			children = (
				37C681FD1EA1F15800DABE71 /* Common */,
				37C6821B1EA1F15800DABE71 /* Login */,
				37C682241EA1F15900DABE71 /* Root */,
				37C682291EA1F15900DABE71 /* Search */,
			);
			path = Source;
			sourceTree = "<group>";
		};
		37C681FD1EA1F15800DABE71 /* Common */ = {
			isa = PBXGroup;
			children = (
				9D7FB6A11EA4B4DE0044F8C4 /* AppDelegate.swift */,
				37C681FE1EA1F15800DABE71 /* Config.swift */,
				37C682611EA2686700DABE71 /* DefaultsKeys.swift */,
				3734DD531EA3B6D700DC30C7 /* View */,
				37C681FF1EA1F15800DABE71 /* Extension */,
				37C682071EA1F15800DABE71 /* Flux */,
				37C682101EA1F15800DABE71 /* Model */,
			);
			path = Common;
			sourceTree = "<group>";
		};
		37C681FF1EA1F15800DABE71 /* Extension */ = {
			isa = PBXGroup;
			children = (
				37AF563D1EF054AF003C8B3D /* QiitaSession */,
				37C682001EA1F15800DABE71 /* Apple */,
				37C682041EA1F15800DABE71 /* Rx */,
			);
			path = Extension;
			sourceTree = "<group>";
		};
		37C682001EA1F15800DABE71 /* Apple */ = {
			isa = PBXGroup;
			children = (
				37C682011EA1F15800DABE71 /* NSObjectProtocol.className.swift */,
				37C682021EA1F15800DABE71 /* Storyboardable.swift */,
				37C682031EA1F15800DABE71 /* UIView.edges.swift */,
				37C682631EA28A2400DABE71 /* UIVIew.inspectable.swift */,
				3734DD4B1EA345D100DC30C7 /* Nibable.swift */,
				3734DD4D1EA3466000DC30C7 /* UITableView.Nibable.swift */,
				3734DD4F1EA3540D00DC30C7 /* Date.ISO8601.swift */,
				3734DD511EA3AF1700DC30C7 /* UIScrollView.Rx.swift */,
			);
			path = Apple;
			sourceTree = "<group>";
		};
		37C682041EA1F15800DABE71 /* Rx */ = {
			isa = PBXGroup;
			children = (
				375DDE051FC20069001C210B /* Dispatcher.swift */,
				376208DA1FC209C600138585 /* Registrator.swift */,
				37C682061EA1F15800DABE71 /* RxProperty.swift */,
				3742504B1EAD0694008F47F4 /* ObservableType.filterNil.swift */,
			);
			path = Rx;
			sourceTree = "<group>";
		};
		37C682071EA1F15800DABE71 /* Flux */ = {
			isa = PBXGroup;
			children = (
				37C682521EA2507800DABE71 /* Application */,
				37C682081EA1F15800DABE71 /* Route */,
			);
			path = Flux;
			sourceTree = "<group>";
		};
		37C682081EA1F15800DABE71 /* Route */ = {
			isa = PBXGroup;
			children = (
				37C682091EA1F15800DABE71 /* RouteAction.swift */,
				37C6820A1EA1F15800DABE71 /* RouteDispatcher.swift */,
				37C6820B1EA1F15800DABE71 /* RouteStore.swift */,
			);
			path = Route;
			sourceTree = "<group>";
		};
		37C682101EA1F15800DABE71 /* Model */ = {
			isa = PBXGroup;
			children = (
				9D7FB69F1EA4B4CB0044F8C4 /* OauthAuthorizeRequest.swift */,
				3734DD5A1EA3CEEB00DC30C7 /* UIKeyboardInfo.swift */,
			);
			path = Model;
			sourceTree = "<group>";
		};
		37C6821B1EA1F15800DABE71 /* Login */ = {
			isa = PBXGroup;
			children = (
				37C6821C1EA1F15800DABE71 /* Model */,
				37C6821E1EA1F15900DABE71 /* View */,
			);
			path = Login;
			sourceTree = "<group>";
		};
		37C6821C1EA1F15800DABE71 /* Model */ = {
			isa = PBXGroup;
			children = (
				9DF6C40E1EA48BD700E5CC27 /* LoginTopViewModel.swift */,
				9DF6C4101EA4965C00E5CC27 /* LoginViewModel.swift */,
				9DF6C4121EA4994900E5CC27 /* LoginViewDataSource.swift */,
			);
			path = Model;
			sourceTree = "<group>";
		};
		37C6821E1EA1F15900DABE71 /* View */ = {
			isa = PBXGroup;
			children = (
				37C6821F1EA1F15900DABE71 /* LoginNavigationController.swift */,
				37C682201EA1F15900DABE71 /* LoginTopViewController.storyboard */,
				37C682211EA1F15900DABE71 /* LoginTopViewController.swift */,
				37C682221EA1F15900DABE71 /* LoginViewController.storyboard */,
				37C682231EA1F15900DABE71 /* LoginViewController.swift */,
			);
			path = View;
			sourceTree = "<group>";
		};
		37C682241EA1F15900DABE71 /* Root */ = {
			isa = PBXGroup;
			children = (
				9DF6C40B1EA4858100E5CC27 /* Model */,
				37C682251EA1F15900DABE71 /* View */,
			);
			path = Root;
			sourceTree = "<group>";
		};
		37C682251EA1F15900DABE71 /* View */ = {
			isa = PBXGroup;
			children = (
				37C682271EA1F15900DABE71 /* RootViewController.storyboard */,
				37C682281EA1F15900DABE71 /* RootViewController.swift */,
			);
			path = View;
			sourceTree = "<group>";
		};
		37C682291EA1F15900DABE71 /* Search */ = {
			isa = PBXGroup;
			children = (
				3734DD421EA33A5900DC30C7 /* Model */,
				37C6822B1EA1F15900DABE71 /* View */,
			);
			path = Search;
			sourceTree = "<group>";
		};
		37C6822B1EA1F15900DABE71 /* View */ = {
			isa = PBXGroup;
			children = (
				37C682571EA253F800DABE71 /* SearchNavigationController.swift */,
				37C6822C1EA1F15900DABE71 /* SearchTopViewController.storyboard */,
				37C6822D1EA1F15900DABE71 /* SearchTopViewController.swift */,
				3734DD471EA3451E00DC30C7 /* SearchTopViewCell.swift */,
				3734DD481EA3451E00DC30C7 /* SearchTopViewCell.xib */,
			);
			path = View;
			sourceTree = "<group>";
		};
		37C682521EA2507800DABE71 /* Application */ = {
			isa = PBXGroup;
			children = (
				37C682591EA2549600DABE71 /* ApplicationAction.swift */,
				37C682531EA2508600DABE71 /* ApplicationDispatcher.swift */,
				37C682551EA2512E00DABE71 /* ApplicationStore.swift */,
			);
			path = Application;
			sourceTree = "<group>";
		};
		37FBF7F91E91404300AE52C3 = {
			isa = PBXGroup;
			children = (
				375DDDFD1FC1FD97001C210B /* QiitaSession.framework */,
				37FBF8041E91404300AE52C3 /* QiitaWithFluxSample */,
				9DDC50E01EA708B30020BC31 /* QiitaWithFluxSampleTests */,
				37FBF8031E91404300AE52C3 /* Products */,
				3354F5D5EE9EB6E842107602 /* Frameworks */,
			);
			sourceTree = "<group>";
		};
		37FBF8031E91404300AE52C3 /* Products */ = {
			isa = PBXGroup;
			children = (
				37FBF8021E91404300AE52C3 /* QiitaWithFluxSample.app */,
				9DDC50DF1EA708B30020BC31 /* QiitaWithFluxSampleTests.xctest */,
			);
			name = Products;
			sourceTree = "<group>";
		};
		37FBF8041E91404300AE52C3 /* QiitaWithFluxSample */ = {
			isa = PBXGroup;
			children = (
				37C681F91EA1F15800DABE71 /* Resource */,
				37C681FC1EA1F15800DABE71 /* Source */,
			);
			path = QiitaWithFluxSample;
			sourceTree = "<group>";
		};
		9D39E8C81EA7297F009785E0 /* Flux */ = {
			isa = PBXGroup;
			children = (
				9D39E8C91EA72994009785E0 /* RouteStoreCase.swift */,
				9D39E8CB1EA72D71009785E0 /* RouteActionCase.swift */,
				9D39E8CE1EA73067009785E0 /* ApplicationActionCase.swift */,
				9D39E8FD1EA74985009785E0 /* ApplicationStoreCase.swift */,
			);
			path = Flux;
			sourceTree = "<group>";
		};
		9D39E8FF1EA77063009785E0 /* ViewModel */ = {
			isa = PBXGroup;
			children = (
				9D39E9001EA77074009785E0 /* RootViewModelCase.swift */,
				376071A71EA7B1D900C4DA10 /* LoginTopViewModelCase.swift */,
				376071AA1EA7B5C500C4DA10 /* LoginViewModelCase.swift */,
				374250421EAC776A008F47F4 /* SearchTopViewModelCase.swift */,
			);
			path = ViewModel;
			sourceTree = "<group>";
		};
		9DDC50E01EA708B30020BC31 /* QiitaWithFluxSampleTests */ = {
			isa = PBXGroup;
			children = (
				375DDDE71FC1F967001C210B /* Mock */,
				9D39E8FF1EA77063009785E0 /* ViewModel */,
				9D39E8C81EA7297F009785E0 /* Flux */,
				9DDC50E31EA708B30020BC31 /* Info.plist */,
			);
			path = QiitaWithFluxSampleTests;
			sourceTree = "<group>";
		};
		9DF6C40B1EA4858100E5CC27 /* Model */ = {
			isa = PBXGroup;
			children = (
				9DF6C40C1EA4858E00E5CC27 /* RootViewModel.swift */,
			);
			path = Model;
			sourceTree = "<group>";
		};
/* End PBXGroup section */

/* Begin PBXNativeTarget section */
		37FBF8011E91404300AE52C3 /* QiitaWithFluxSample */ = {
			isa = PBXNativeTarget;
			buildConfigurationList = 37FBF8141E91404300AE52C3 /* Build configuration list for PBXNativeTarget "QiitaWithFluxSample" */;
			buildPhases = (
				37FBF7FE1E91404300AE52C3 /* Sources */,
				37FBF7FF1E91404300AE52C3 /* Frameworks */,
				37FBF8001E91404300AE52C3 /* Resources */,
				37FC07581EAC6BDC00514FF6 /* CopyFiles */,
				37FC07591EAC6BF900514FF6 /* ShellScript */,
				375DDE001FC1FD97001C210B /* Embed Frameworks */,
			);
			buildRules = (
			);
			dependencies = (
			);
			name = QiitaWithFluxSample;
			productName = QiitaWithFluxSample;
			productReference = 37FBF8021E91404300AE52C3 /* QiitaWithFluxSample.app */;
			productType = "com.apple.product-type.application";
		};
		9DDC50DE1EA708B30020BC31 /* QiitaWithFluxSampleTests */ = {
			isa = PBXNativeTarget;
			buildConfigurationList = 9DDC50E81EA708B30020BC31 /* Build configuration list for PBXNativeTarget "QiitaWithFluxSampleTests" */;
			buildPhases = (
				9DDC50DB1EA708B30020BC31 /* Sources */,
				9DDC50DC1EA708B30020BC31 /* Frameworks */,
				9DDC50DD1EA708B30020BC31 /* Resources */,
			);
			buildRules = (
			);
			dependencies = (
				9DDC50E51EA708B30020BC31 /* PBXTargetDependency */,
			);
			name = QiitaWithFluxSampleTests;
			productName = QiitaWithFluxSampleTests;
			productReference = 9DDC50DF1EA708B30020BC31 /* QiitaWithFluxSampleTests.xctest */;
			productType = "com.apple.product-type.bundle.unit-test";
		};
/* End PBXNativeTarget section */

/* Begin PBXProject section */
		37FBF7FA1E91404300AE52C3 /* Project object */ = {
			isa = PBXProject;
			attributes = {
				LastSwiftUpdateCheck = 0820;
				LastUpgradeCheck = 0910;
				ORGANIZATIONNAME = "marty-suzuki";
				TargetAttributes = {
					37FBF8011E91404300AE52C3 = {
						CreatedOnToolsVersion = 8.2.1;
						ProvisioningStyle = Manual;
					};
					9DDC50DE1EA708B30020BC31 = {
						CreatedOnToolsVersion = 8.2.1;
						ProvisioningStyle = Manual;
						TestTargetID = 37FBF8011E91404300AE52C3;
					};
				};
			};
			buildConfigurationList = 37FBF7FD1E91404300AE52C3 /* Build configuration list for PBXProject "QiitaWithFluxSample" */;
			compatibilityVersion = "Xcode 3.2";
			developmentRegion = English;
			hasScannedForEncodings = 0;
			knownRegions = (
				en,
				Base,
			);
			mainGroup = 37FBF7F91E91404300AE52C3;
			productRefGroup = 37FBF8031E91404300AE52C3 /* Products */;
			projectDirPath = "";
			projectRoot = "";
			targets = (
				37FBF8011E91404300AE52C3 /* QiitaWithFluxSample */,
				9DDC50DE1EA708B30020BC31 /* QiitaWithFluxSampleTests */,
			);
		};
/* End PBXProject section */

/* Begin PBXResourcesBuildPhase section */
		37FBF8001E91404300AE52C3 /* Resources */ = {
			isa = PBXResourcesBuildPhase;
			buildActionMask = 2147483647;
			files = (
				37C6824F1EA1F19200DABE71 /* LaunchScreen.storyboard in Resources */,
				37C682451EA1F15900DABE71 /* LoginTopViewController.storyboard in Resources */,
				37C6824A1EA1F15900DABE71 /* RootViewController.storyboard in Resources */,
				37C682511EA1F1D100DABE71 /* Config.plist in Resources */,
				3734DD4A1EA3451E00DC30C7 /* SearchTopViewCell.xib in Resources */,
				37C6822E1EA1F15900DABE71 /* Assets.xcassets in Resources */,
				37C682471EA1F15900DABE71 /* LoginViewController.storyboard in Resources */,
				37C6824C1EA1F15900DABE71 /* SearchTopViewController.storyboard in Resources */,
				3734DD571EA3B7A500DC30C7 /* LoadingView.xib in Resources */,
			);
			runOnlyForDeploymentPostprocessing = 0;
		};
		9DDC50DD1EA708B30020BC31 /* Resources */ = {
			isa = PBXResourcesBuildPhase;
			buildActionMask = 2147483647;
			files = (
			);
			runOnlyForDeploymentPostprocessing = 0;
		};
/* End PBXResourcesBuildPhase section */

/* Begin PBXShellScriptBuildPhase section */
		37FC07591EAC6BF900514FF6 /* ShellScript */ = {
			isa = PBXShellScriptBuildPhase;
			buildActionMask = 2147483647;
			files = (
			);
			inputPaths = (
				"$(SRCROOT)/Carthage/Build/iOS/RxSwift.framework",
				"$(SRCROOT)/Carthage/Build/iOS/Action.framework",
				"$(SRCROOT)/Carthage/Build/iOS/APIKit.framework",
				"$(SRCROOT)/Carthage/Build/iOS/Nuke.framework",
				"$(SRCROOT)/Carthage/Build/iOS/Result.framework",
				"$(SRCROOT)/Carthage/Build/iOS/SwiftyUserDefaults.framework",
				"$(SRCROOT)/Carthage/Build/iOS/RxCocoa.framework",
			);
			outputPaths = (
			);
			runOnlyForDeploymentPostprocessing = 0;
			shellPath = /bin/sh;
			shellScript = "/usr/local/bin/carthage copy-frameworks";
		};
/* End PBXShellScriptBuildPhase section */

/* Begin PBXSourcesBuildPhase section */
		37FBF7FE1E91404300AE52C3 /* Sources */ = {
			isa = PBXSourcesBuildPhase;
			buildActionMask = 2147483647;
			files = (
				37C682321EA1F15900DABE71 /* Storyboardable.swift in Sources */,
				37C682301EA1F15900DABE71 /* Config.swift in Sources */,
				3734DD501EA3540D00DC30C7 /* Date.ISO8601.swift in Sources */,
				9DF6C40F1EA48BD700E5CC27 /* LoginTopViewModel.swift in Sources */,
				37C682481EA1F15900DABE71 /* LoginViewController.swift in Sources */,
				37C682441EA1F15900DABE71 /* LoginNavigationController.swift in Sources */,
				9DF6C4131EA4994900E5CC27 /* LoginViewDataSource.swift in Sources */,
				9D7FB6A21EA4B4DE0044F8C4 /* AppDelegate.swift in Sources */,
				37C682311EA1F15900DABE71 /* NSObjectProtocol.className.swift in Sources */,
				3742504C1EAD0694008F47F4 /* ObservableType.filterNil.swift in Sources */,
				3734DD5B1EA3CEEB00DC30C7 /* UIKeyboardInfo.swift in Sources */,
				3734DD521EA3AF1700DC30C7 /* UIScrollView.Rx.swift in Sources */,
				3734DD551EA3B79700DC30C7 /* LoadingView.swift in Sources */,
				37C682371EA1F15900DABE71 /* RouteDispatcher.swift in Sources */,
				3734DD4C1EA345D100DC30C7 /* Nibable.swift in Sources */,
				37C682561EA2512F00DABE71 /* ApplicationStore.swift in Sources */,
				37C6824D1EA1F15900DABE71 /* SearchTopViewController.swift in Sources */,
				3734DD491EA3451E00DC30C7 /* SearchTopViewCell.swift in Sources */,
				37C682381EA1F15900DABE71 /* RouteStore.swift in Sources */,
				9DF6C40D1EA4858E00E5CC27 /* RootViewModel.swift in Sources */,
				376208DB1FC209C600138585 /* Registrator.swift in Sources */,
				9DF6C4111EA4965C00E5CC27 /* LoginViewModel.swift in Sources */,
				37AF563F1EF054C1003C8B3D /* Item.extension.swift in Sources */,
				ED6F5DBE1FBFEAC300DC3E4D /* QiitaSession.shared.swift in Sources */,
				3734DD441EA33A5900DC30C7 /* SearchTopViewModel.swift in Sources */,
				37C6824B1EA1F15900DABE71 /* RootViewController.swift in Sources */,
				375DDE061FC20069001C210B /* Dispatcher.swift in Sources */,
				37C682581EA253F800DABE71 /* SearchNavigationController.swift in Sources */,
				3734DD4E1EA3466000DC30C7 /* UITableView.Nibable.swift in Sources */,
				37C682461EA1F15900DABE71 /* LoginTopViewController.swift in Sources */,
				9D7FB6A01EA4B4CB0044F8C4 /* OauthAuthorizeRequest.swift in Sources */,
				37C682641EA28A2400DABE71 /* UIVIew.inspectable.swift in Sources */,
				37C682331EA1F15900DABE71 /* UIView.edges.swift in Sources */,
				3734DD461EA33F6B00DC30C7 /* SearchTopDataSource.swift in Sources */,
				37C682351EA1F15900DABE71 /* RxProperty.swift in Sources */,
				37C682541EA2508600DABE71 /* ApplicationDispatcher.swift in Sources */,
				37C6825A1EA2549600DABE71 /* ApplicationAction.swift in Sources */,
				37C682361EA1F15900DABE71 /* RouteAction.swift in Sources */,
				37C682621EA2686700DABE71 /* DefaultsKeys.swift in Sources */,
			);
			runOnlyForDeploymentPostprocessing = 0;
		};
		9DDC50DB1EA708B30020BC31 /* Sources */ = {
			isa = PBXSourcesBuildPhase;
			buildActionMask = 2147483647;
			files = (
				374250431EAC776A008F47F4 /* SearchTopViewModelCase.swift in Sources */,
				9D39E8FE1EA74985009785E0 /* ApplicationStoreCase.swift in Sources */,
				9D39E8CA1EA72994009785E0 /* RouteStoreCase.swift in Sources */,
				9D39E8CF1EA73067009785E0 /* ApplicationActionCase.swift in Sources */,
				376071A81EA7B1D900C4DA10 /* LoginTopViewModelCase.swift in Sources */,
				376071AB1EA7B5C500C4DA10 /* LoginViewModelCase.swift in Sources */,
				375DDDE91FC1F974001C210B /* QiitaSessionType.swift in Sources */,
				9D39E9011EA77074009785E0 /* RootViewModelCase.swift in Sources */,
				9D39E8CC1EA72D71009785E0 /* RouteActionCase.swift in Sources */,
			);
			runOnlyForDeploymentPostprocessing = 0;
		};
/* End PBXSourcesBuildPhase section */

/* Begin PBXTargetDependency section */
		9DDC50E51EA708B30020BC31 /* PBXTargetDependency */ = {
			isa = PBXTargetDependency;
			target = 37FBF8011E91404300AE52C3 /* QiitaWithFluxSample */;
			targetProxy = 9DDC50E41EA708B30020BC31 /* PBXContainerItemProxy */;
		};
/* End PBXTargetDependency section */

/* Begin XCBuildConfiguration section */
		37FBF8121E91404300AE52C3 /* Debug */ = {
			isa = XCBuildConfiguration;
			buildSettings = {
				ALWAYS_SEARCH_USER_PATHS = NO;
				CLANG_ANALYZER_NONNULL = YES;
				CLANG_CXX_LANGUAGE_STANDARD = "gnu++0x";
				CLANG_CXX_LIBRARY = "libc++";
				CLANG_ENABLE_MODULES = YES;
				CLANG_ENABLE_OBJC_ARC = YES;
				CLANG_WARN_BLOCK_CAPTURE_AUTORELEASING = YES;
				CLANG_WARN_BOOL_CONVERSION = YES;
				CLANG_WARN_COMMA = YES;
				CLANG_WARN_CONSTANT_CONVERSION = YES;
				CLANG_WARN_DIRECT_OBJC_ISA_USAGE = YES_ERROR;
				CLANG_WARN_DOCUMENTATION_COMMENTS = YES;
				CLANG_WARN_EMPTY_BODY = YES;
				CLANG_WARN_ENUM_CONVERSION = YES;
				CLANG_WARN_INFINITE_RECURSION = YES;
				CLANG_WARN_INT_CONVERSION = YES;
				CLANG_WARN_NON_LITERAL_NULL_CONVERSION = YES;
				CLANG_WARN_OBJC_LITERAL_CONVERSION = YES;
				CLANG_WARN_OBJC_ROOT_CLASS = YES_ERROR;
				CLANG_WARN_RANGE_LOOP_ANALYSIS = YES;
				CLANG_WARN_STRICT_PROTOTYPES = YES;
				CLANG_WARN_SUSPICIOUS_MOVE = YES;
				CLANG_WARN_UNREACHABLE_CODE = YES;
				CLANG_WARN__DUPLICATE_METHOD_MATCH = YES;
				"CODE_SIGN_IDENTITY[sdk=iphoneos*]" = "iPhone Developer";
				COPY_PHASE_STRIP = NO;
				DEBUG_INFORMATION_FORMAT = dwarf;
				ENABLE_STRICT_OBJC_MSGSEND = YES;
				ENABLE_TESTABILITY = YES;
				GCC_C_LANGUAGE_STANDARD = gnu99;
				GCC_DYNAMIC_NO_PIC = NO;
				GCC_NO_COMMON_BLOCKS = YES;
				GCC_OPTIMIZATION_LEVEL = 0;
				GCC_PREPROCESSOR_DEFINITIONS = (
					"DEBUG=1",
					"$(inherited)",
				);
				GCC_WARN_64_TO_32_BIT_CONVERSION = YES;
				GCC_WARN_ABOUT_RETURN_TYPE = YES_ERROR;
				GCC_WARN_UNDECLARED_SELECTOR = YES;
				GCC_WARN_UNINITIALIZED_AUTOS = YES_AGGRESSIVE;
				GCC_WARN_UNUSED_FUNCTION = YES;
				GCC_WARN_UNUSED_VARIABLE = YES;
				IPHONEOS_DEPLOYMENT_TARGET = 10.2;
				MTL_ENABLE_DEBUG_INFO = YES;
				ONLY_ACTIVE_ARCH = YES;
				SDKROOT = iphoneos;
				SWIFT_ACTIVE_COMPILATION_CONDITIONS = DEBUG;
				SWIFT_OPTIMIZATION_LEVEL = "-Onone";
				TARGETED_DEVICE_FAMILY = "1,2";
			};
			name = Debug;
		};
		37FBF8131E91404300AE52C3 /* Release */ = {
			isa = XCBuildConfiguration;
			buildSettings = {
				ALWAYS_SEARCH_USER_PATHS = NO;
				CLANG_ANALYZER_NONNULL = YES;
				CLANG_CXX_LANGUAGE_STANDARD = "gnu++0x";
				CLANG_CXX_LIBRARY = "libc++";
				CLANG_ENABLE_MODULES = YES;
				CLANG_ENABLE_OBJC_ARC = YES;
				CLANG_WARN_BLOCK_CAPTURE_AUTORELEASING = YES;
				CLANG_WARN_BOOL_CONVERSION = YES;
				CLANG_WARN_COMMA = YES;
				CLANG_WARN_CONSTANT_CONVERSION = YES;
				CLANG_WARN_DIRECT_OBJC_ISA_USAGE = YES_ERROR;
				CLANG_WARN_DOCUMENTATION_COMMENTS = YES;
				CLANG_WARN_EMPTY_BODY = YES;
				CLANG_WARN_ENUM_CONVERSION = YES;
				CLANG_WARN_INFINITE_RECURSION = YES;
				CLANG_WARN_INT_CONVERSION = YES;
				CLANG_WARN_NON_LITERAL_NULL_CONVERSION = YES;
				CLANG_WARN_OBJC_LITERAL_CONVERSION = YES;
				CLANG_WARN_OBJC_ROOT_CLASS = YES_ERROR;
				CLANG_WARN_RANGE_LOOP_ANALYSIS = YES;
				CLANG_WARN_STRICT_PROTOTYPES = YES;
				CLANG_WARN_SUSPICIOUS_MOVE = YES;
				CLANG_WARN_UNREACHABLE_CODE = YES;
				CLANG_WARN__DUPLICATE_METHOD_MATCH = YES;
				"CODE_SIGN_IDENTITY[sdk=iphoneos*]" = "iPhone Developer";
				COPY_PHASE_STRIP = NO;
				DEBUG_INFORMATION_FORMAT = "dwarf-with-dsym";
				ENABLE_NS_ASSERTIONS = NO;
				ENABLE_STRICT_OBJC_MSGSEND = YES;
				GCC_C_LANGUAGE_STANDARD = gnu99;
				GCC_NO_COMMON_BLOCKS = YES;
				GCC_WARN_64_TO_32_BIT_CONVERSION = YES;
				GCC_WARN_ABOUT_RETURN_TYPE = YES_ERROR;
				GCC_WARN_UNDECLARED_SELECTOR = YES;
				GCC_WARN_UNINITIALIZED_AUTOS = YES_AGGRESSIVE;
				GCC_WARN_UNUSED_FUNCTION = YES;
				GCC_WARN_UNUSED_VARIABLE = YES;
				IPHONEOS_DEPLOYMENT_TARGET = 10.2;
				MTL_ENABLE_DEBUG_INFO = NO;
				SDKROOT = iphoneos;
				SWIFT_OPTIMIZATION_LEVEL = "-Owholemodule";
				TARGETED_DEVICE_FAMILY = "1,2";
				VALIDATE_PRODUCT = YES;
			};
			name = Release;
		};
		37FBF8151E91404300AE52C3 /* Debug */ = {
			isa = XCBuildConfiguration;
			buildSettings = {
				ASSETCATALOG_COMPILER_APPICON_NAME = AppIcon;
				DEVELOPMENT_TEAM = "";
				FRAMEWORK_SEARCH_PATHS = (
					"$(inherited)",
					"$(PROJECT_DIR)/Carthage/Build/iOS",
				);
				INFOPLIST_FILE = QiitaWithFluxSample/Resource/Info.plist;
				IPHONEOS_DEPLOYMENT_TARGET = 10.0;
				LD_RUNPATH_SEARCH_PATHS = "$(inherited) @executable_path/Frameworks";
				PRODUCT_BUNDLE_IDENTIFIER = "jp.marty-suzuki.QiitaWithFluxSample";
				PRODUCT_NAME = "$(TARGET_NAME)";
				PROVISIONING_PROFILE_SPECIFIER = "";
				SWIFT_VERSION = 4.0;
			};
			name = Debug;
		};
		37FBF8161E91404300AE52C3 /* Release */ = {
			isa = XCBuildConfiguration;
			buildSettings = {
				ASSETCATALOG_COMPILER_APPICON_NAME = AppIcon;
				DEVELOPMENT_TEAM = "";
				FRAMEWORK_SEARCH_PATHS = (
					"$(inherited)",
					"$(PROJECT_DIR)/Carthage/Build/iOS",
				);
				INFOPLIST_FILE = QiitaWithFluxSample/Resource/Info.plist;
				IPHONEOS_DEPLOYMENT_TARGET = 10.0;
				LD_RUNPATH_SEARCH_PATHS = "$(inherited) @executable_path/Frameworks";
				PRODUCT_BUNDLE_IDENTIFIER = "jp.marty-suzuki.QiitaWithFluxSample";
				PRODUCT_NAME = "$(TARGET_NAME)";
				PROVISIONING_PROFILE_SPECIFIER = "";
				SWIFT_VERSION = 4.0;
			};
			name = Release;
		};
		9DDC50E61EA708B30020BC31 /* Debug */ = {
			isa = XCBuildConfiguration;
			buildSettings = {
				BUNDLE_LOADER = "$(TEST_HOST)";
				DEVELOPMENT_TEAM = "";
				FRAMEWORK_SEARCH_PATHS = (
					"$(inherited)",
					"$(PROJECT_DIR)/Carthage/Build/iOS",
				);
				INFOPLIST_FILE = QiitaWithFluxSampleTests/Info.plist;
				LD_RUNPATH_SEARCH_PATHS = "$(inherited) @executable_path/Frameworks @loader_path/Frameworks";
				PRODUCT_BUNDLE_IDENTIFIER = "jp.marty-suzuki.QiitaWithFluxSampleTests";
				PRODUCT_NAME = "$(TARGET_NAME)";
				PROVISIONING_PROFILE_SPECIFIER = "";
				SWIFT_VERSION = 4.0;
				TEST_HOST = "$(BUILT_PRODUCTS_DIR)/QiitaWithFluxSample.app/QiitaWithFluxSample";
			};
			name = Debug;
		};
		9DDC50E71EA708B30020BC31 /* Release */ = {
			isa = XCBuildConfiguration;
			buildSettings = {
				BUNDLE_LOADER = "$(TEST_HOST)";
				DEVELOPMENT_TEAM = "";
				FRAMEWORK_SEARCH_PATHS = (
					"$(inherited)",
					"$(PROJECT_DIR)/Carthage/Build/iOS",
				);
				INFOPLIST_FILE = QiitaWithFluxSampleTests/Info.plist;
				LD_RUNPATH_SEARCH_PATHS = "$(inherited) @executable_path/Frameworks @loader_path/Frameworks";
				PRODUCT_BUNDLE_IDENTIFIER = "jp.marty-suzuki.QiitaWithFluxSampleTests";
				PRODUCT_NAME = "$(TARGET_NAME)";
				PROVISIONING_PROFILE_SPECIFIER = "";
				SWIFT_VERSION = 4.0;
				TEST_HOST = "$(BUILT_PRODUCTS_DIR)/QiitaWithFluxSample.app/QiitaWithFluxSample";
			};
			name = Release;
		};
		9DDC50EC1EA713710020BC31 /* Test */ = {
			isa = XCBuildConfiguration;
			buildSettings = {
				ALWAYS_SEARCH_USER_PATHS = NO;
				CLANG_ANALYZER_NONNULL = YES;
				CLANG_CXX_LANGUAGE_STANDARD = "gnu++0x";
				CLANG_CXX_LIBRARY = "libc++";
				CLANG_ENABLE_MODULES = YES;
				CLANG_ENABLE_OBJC_ARC = YES;
				CLANG_WARN_BLOCK_CAPTURE_AUTORELEASING = YES;
				CLANG_WARN_BOOL_CONVERSION = YES;
				CLANG_WARN_COMMA = YES;
				CLANG_WARN_CONSTANT_CONVERSION = YES;
				CLANG_WARN_DIRECT_OBJC_ISA_USAGE = YES_ERROR;
				CLANG_WARN_DOCUMENTATION_COMMENTS = YES;
				CLANG_WARN_EMPTY_BODY = YES;
				CLANG_WARN_ENUM_CONVERSION = YES;
				CLANG_WARN_INFINITE_RECURSION = YES;
				CLANG_WARN_INT_CONVERSION = YES;
				CLANG_WARN_NON_LITERAL_NULL_CONVERSION = YES;
				CLANG_WARN_OBJC_LITERAL_CONVERSION = YES;
				CLANG_WARN_OBJC_ROOT_CLASS = YES_ERROR;
				CLANG_WARN_RANGE_LOOP_ANALYSIS = YES;
				CLANG_WARN_STRICT_PROTOTYPES = YES;
				CLANG_WARN_SUSPICIOUS_MOVE = YES;
				CLANG_WARN_UNREACHABLE_CODE = YES;
				CLANG_WARN__DUPLICATE_METHOD_MATCH = YES;
				"CODE_SIGN_IDENTITY[sdk=iphoneos*]" = "iPhone Developer";
				COPY_PHASE_STRIP = NO;
				DEBUG_INFORMATION_FORMAT = dwarf;
				ENABLE_STRICT_OBJC_MSGSEND = YES;
				ENABLE_TESTABILITY = YES;
				GCC_C_LANGUAGE_STANDARD = gnu99;
				GCC_DYNAMIC_NO_PIC = NO;
				GCC_NO_COMMON_BLOCKS = YES;
				GCC_OPTIMIZATION_LEVEL = 0;
				GCC_PREPROCESSOR_DEFINITIONS = (
					"DEBUG=1",
					"$(inherited)",
				);
				GCC_WARN_64_TO_32_BIT_CONVERSION = YES;
				GCC_WARN_ABOUT_RETURN_TYPE = YES_ERROR;
				GCC_WARN_UNDECLARED_SELECTOR = YES;
				GCC_WARN_UNINITIALIZED_AUTOS = YES_AGGRESSIVE;
				GCC_WARN_UNUSED_FUNCTION = YES;
				GCC_WARN_UNUSED_VARIABLE = YES;
				IPHONEOS_DEPLOYMENT_TARGET = 10.2;
				MTL_ENABLE_DEBUG_INFO = YES;
				ONLY_ACTIVE_ARCH = YES;
				OTHER_SWIFT_FLAGS = "\"-D\" \"TEST\"";
				SDKROOT = iphoneos;
				SWIFT_ACTIVE_COMPILATION_CONDITIONS = DEBUG;
				SWIFT_OPTIMIZATION_LEVEL = "-Onone";
				TARGETED_DEVICE_FAMILY = "1,2";
			};
			name = Test;
		};
		9DDC50ED1EA713710020BC31 /* Test */ = {
			isa = XCBuildConfiguration;
			buildSettings = {
				ASSETCATALOG_COMPILER_APPICON_NAME = AppIcon;
				DEVELOPMENT_TEAM = "";
				FRAMEWORK_SEARCH_PATHS = (
					"$(inherited)",
					"$(PROJECT_DIR)/Carthage/Build/iOS",
				);
				INFOPLIST_FILE = QiitaWithFluxSample/Resource/Info.plist;
				IPHONEOS_DEPLOYMENT_TARGET = 10.0;
				LD_RUNPATH_SEARCH_PATHS = "$(inherited) @executable_path/Frameworks";
				PRODUCT_BUNDLE_IDENTIFIER = "jp.marty-suzuki.QiitaWithFluxSample";
				PRODUCT_NAME = "$(TARGET_NAME)";
				PROVISIONING_PROFILE_SPECIFIER = "";
				SWIFT_VERSION = 4.0;
			};
			name = Test;
		};
		9DDC50EE1EA713710020BC31 /* Test */ = {
			isa = XCBuildConfiguration;
			buildSettings = {
				BUNDLE_LOADER = "$(TEST_HOST)";
				DEVELOPMENT_TEAM = "";
				FRAMEWORK_SEARCH_PATHS = (
					"$(inherited)",
					"$(PROJECT_DIR)/Carthage/Build/iOS",
				);
				INFOPLIST_FILE = QiitaWithFluxSampleTests/Info.plist;
				LD_RUNPATH_SEARCH_PATHS = "$(inherited) @executable_path/Frameworks @loader_path/Frameworks";
				PRODUCT_BUNDLE_IDENTIFIER = "jp.marty-suzuki.QiitaWithFluxSampleTests";
				PRODUCT_NAME = "$(TARGET_NAME)";
				PROVISIONING_PROFILE_SPECIFIER = "";
				SWIFT_VERSION = 4.0;
				TEST_HOST = "$(BUILT_PRODUCTS_DIR)/QiitaWithFluxSample.app/QiitaWithFluxSample";
			};
			name = Test;
		};
/* End XCBuildConfiguration section */

/* Begin XCConfigurationList section */
		37FBF7FD1E91404300AE52C3 /* Build configuration list for PBXProject "QiitaWithFluxSample" */ = {
			isa = XCConfigurationList;
			buildConfigurations = (
				37FBF8121E91404300AE52C3 /* Debug */,
				9DDC50EC1EA713710020BC31 /* Test */,
				37FBF8131E91404300AE52C3 /* Release */,
			);
			defaultConfigurationIsVisible = 0;
			defaultConfigurationName = Release;
		};
		37FBF8141E91404300AE52C3 /* Build configuration list for PBXNativeTarget "QiitaWithFluxSample" */ = {
			isa = XCConfigurationList;
			buildConfigurations = (
				37FBF8151E91404300AE52C3 /* Debug */,
				9DDC50ED1EA713710020BC31 /* Test */,
				37FBF8161E91404300AE52C3 /* Release */,
			);
			defaultConfigurationIsVisible = 0;
			defaultConfigurationName = Release;
		};
		9DDC50E81EA708B30020BC31 /* Build configuration list for PBXNativeTarget "QiitaWithFluxSampleTests" */ = {
			isa = XCConfigurationList;
			buildConfigurations = (
				9DDC50E61EA708B30020BC31 /* Debug */,
				9DDC50EE1EA713710020BC31 /* Test */,
				9DDC50E71EA708B30020BC31 /* Release */,
			);
			defaultConfigurationIsVisible = 0;
			defaultConfigurationName = Release;
		};
/* End XCConfigurationList section */
	};
	rootObject = 37FBF7FA1E91404300AE52C3 /* Project object */;
}
