PODS:
  - Action (2.2.2):
    - RxCocoa (~> 3.0)
    - RxSwift (~> 3.0)
  - APIKit (3.1.1):
    - Result (~> 3.0)
  - Himotoki (3.0.1)
  - Kingfisher (3.6.2)
  - Result (3.2.1)
  - RxCocoa (3.4.0):
    - RxSwift (~> 3.4)
  - RxSwift (3.4.0)
  - SwiftyUserDefaults (3.0.0)

DEPENDENCIES:
  - Action (~> 2.0)
  - APIKit (~> 3.0)
  - Himotoki (~> 3.0)
  - Kingfisher (~> 3.0)
  - RxCocoa (~> 3.0)
  - RxSwift (~> 3.0)
  - SwiftyUserDefaults (~> 3.0)

SPEC CHECKSUMS:
  Action: 9a3d372fb15b057cce7d069a5e1ece8da12483d4
  APIKit: 7460983f490d3bde6aaaaa4164d18c9865a6f91d
  Himotoki: 85fda41d4d0e14f7228317a3b474175cdfb8f515
  Kingfisher: 2c94e72c6830622c71d06adf4ea024c37d316830
  Result: 2453a22e5c5b11c0c3a478736e82cd02f763b781
  RxCocoa: d14ef6b6029e1ddc6e966508c09289090de68ff9
  RxSwift: 3789a1af753002a14edecdb698a2424624296a9c
  SwiftyUserDefaults: 0f1d45fc3aafb9064dac661e367f8f83fe21a4b4

PODFILE CHECKSUM: 4b1a525d1d6cb26db7df591e8dd956770fef0777

COCOAPODS: 1.2.0
